// !$*UTF8*$!
{
	archiveVersion = 1;
	classes = {
	};
	objectVersion = 56;
	objects = {

/* Begin PBXBuildFile section */
		780CFA312B6A571B009FA22C /* PlayersInscriptionView.swift in Sources */ = {isa = PBXBuildFile; fileRef = 780CFA302B6A571B009FA22C /* PlayersInscriptionView.swift */; };
		7857457C2B6B8A2600841A54 /* PlayerModel.swift in Sources */ = {isa = PBXBuildFile; fileRef = 7857457B2B6B8A2600841A54 /* PlayerModel.swift */; };
		785745862B6B90ED00841A54 /* FullScreenCoverView.swift in Sources */ = {isa = PBXBuildFile; fileRef = 785745852B6B90ED00841A54 /* FullScreenCoverView.swift */; };
		785745892B6BA50A00841A54 /* RoundModel.swift in Sources */ = {isa = PBXBuildFile; fileRef = 785745882B6BA50A00841A54 /* RoundModel.swift */; };
		7857458B2B6BA8C000841A54 /* GameModel.swift in Sources */ = {isa = PBXBuildFile; fileRef = 7857458A2B6BA8C000841A54 /* GameModel.swift */; };
		7857458D2B6BC81100841A54 /* Card.swift in Sources */ = {isa = PBXBuildFile; fileRef = 7857458C2B6BC81100841A54 /* Card.swift */; };
		787081132B6AF059009214E1 /* ScoreBoardView.swift in Sources */ = {isa = PBXBuildFile; fileRef = 787081122B6AF059009214E1 /* ScoreBoardView.swift */; };
		78F224A02B5EF302007C63A2 /* ZippyDartApp.swift in Sources */ = {isa = PBXBuildFile; fileRef = 78F2249F2B5EF302007C63A2 /* ZippyDartApp.swift */; };
		78F224A42B5EF303007C63A2 /* Assets.xcassets in Resources */ = {isa = PBXBuildFile; fileRef = 78F224A32B5EF303007C63A2 /* Assets.xcassets */; };
		78F224A72B5EF303007C63A2 /* Preview Assets.xcassets in Resources */ = {isa = PBXBuildFile; fileRef = 78F224A62B5EF303007C63A2 /* Preview Assets.xcassets */; };
		78F224B12B5EF303007C63A2 /* ZippyDartTests.swift in Sources */ = {isa = PBXBuildFile; fileRef = 78F224B02B5EF303007C63A2 /* ZippyDartTests.swift */; };
		78F224BB2B5EF303007C63A2 /* ZippyDartUITests.swift in Sources */ = {isa = PBXBuildFile; fileRef = 78F224BA2B5EF303007C63A2 /* ZippyDartUITests.swift */; };
		78F224BD2B5EF303007C63A2 /* ZippyDartUITestsLaunchTests.swift in Sources */ = {isa = PBXBuildFile; fileRef = 78F224BC2B5EF303007C63A2 /* ZippyDartUITestsLaunchTests.swift */; };
		78F224CD2B5FBF9E007C63A2 /* SeymourOne-Regular.ttf in Resources */ = {isa = PBXBuildFile; fileRef = 78F224CC2B5FBF9E007C63A2 /* SeymourOne-Regular.ttf */; };
		78F224D42B5FCE6A007C63A2 /* Color.swift in Sources */ = {isa = PBXBuildFile; fileRef = 78F224D32B5FCE6A007C63A2 /* Color.swift */; };
		78F224D62B5FD446007C63A2 /* Launch Screen.storyboard in Resources */ = {isa = PBXBuildFile; fileRef = 78F224D52B5FD446007C63A2 /* Launch Screen.storyboard */; };
/* End PBXBuildFile section */

/* Begin PBXContainerItemProxy section */
		78F224AD2B5EF303007C63A2 /* PBXContainerItemProxy */ = {
			isa = PBXContainerItemProxy;
			containerPortal = 78F224942B5EF302007C63A2 /* Project object */;
			proxyType = 1;
			remoteGlobalIDString = 78F2249B2B5EF302007C63A2;
			remoteInfo = ZippyDart;
		};
		78F224B72B5EF303007C63A2 /* PBXContainerItemProxy */ = {
			isa = PBXContainerItemProxy;
			containerPortal = 78F224942B5EF302007C63A2 /* Project object */;
			proxyType = 1;
			remoteGlobalIDString = 78F2249B2B5EF302007C63A2;
			remoteInfo = ZippyDart;
		};
/* End PBXContainerItemProxy section */

/* Begin PBXFileReference section */
		780CFA302B6A571B009FA22C /* PlayersInscriptionView.swift */ = {isa = PBXFileReference; lastKnownFileType = sourcecode.swift; path = PlayersInscriptionView.swift; sourceTree = "<group>"; };
		7857457B2B6B8A2600841A54 /* PlayerModel.swift */ = {isa = PBXFileReference; lastKnownFileType = sourcecode.swift; path = PlayerModel.swift; sourceTree = "<group>"; };
		785745852B6B90ED00841A54 /* FullScreenCoverView.swift */ = {isa = PBXFileReference; lastKnownFileType = sourcecode.swift; path = FullScreenCoverView.swift; sourceTree = "<group>"; };
		785745882B6BA50A00841A54 /* RoundModel.swift */ = {isa = PBXFileReference; lastKnownFileType = sourcecode.swift; path = RoundModel.swift; sourceTree = "<group>"; };
		7857458A2B6BA8C000841A54 /* GameModel.swift */ = {isa = PBXFileReference; lastKnownFileType = sourcecode.swift; path = GameModel.swift; sourceTree = "<group>"; };
		7857458C2B6BC81100841A54 /* Card.swift */ = {isa = PBXFileReference; lastKnownFileType = sourcecode.swift; path = Card.swift; sourceTree = "<group>"; };
		787081122B6AF059009214E1 /* ScoreBoardView.swift */ = {isa = PBXFileReference; lastKnownFileType = sourcecode.swift; path = ScoreBoardView.swift; sourceTree = "<group>"; };
		78F2249C2B5EF302007C63A2 /* ZippyDart.app */ = {isa = PBXFileReference; explicitFileType = wrapper.application; includeInIndex = 0; path = ZippyDart.app; sourceTree = BUILT_PRODUCTS_DIR; };
		78F2249F2B5EF302007C63A2 /* ZippyDartApp.swift */ = {isa = PBXFileReference; lastKnownFileType = sourcecode.swift; path = ZippyDartApp.swift; sourceTree = "<group>"; };
		78F224A32B5EF303007C63A2 /* Assets.xcassets */ = {isa = PBXFileReference; lastKnownFileType = folder.assetcatalog; path = Assets.xcassets; sourceTree = "<group>"; };
		78F224A62B5EF303007C63A2 /* Preview Assets.xcassets */ = {isa = PBXFileReference; lastKnownFileType = folder.assetcatalog; path = "Preview Assets.xcassets"; sourceTree = "<group>"; };
		78F224AC2B5EF303007C63A2 /* ZippyDartTests.xctest */ = {isa = PBXFileReference; explicitFileType = wrapper.cfbundle; includeInIndex = 0; path = ZippyDartTests.xctest; sourceTree = BUILT_PRODUCTS_DIR; };
		78F224B02B5EF303007C63A2 /* ZippyDartTests.swift */ = {isa = PBXFileReference; lastKnownFileType = sourcecode.swift; path = ZippyDartTests.swift; sourceTree = "<group>"; };
		78F224B62B5EF303007C63A2 /* ZippyDartUITests.xctest */ = {isa = PBXFileReference; explicitFileType = wrapper.cfbundle; includeInIndex = 0; path = ZippyDartUITests.xctest; sourceTree = BUILT_PRODUCTS_DIR; };
		78F224BA2B5EF303007C63A2 /* ZippyDartUITests.swift */ = {isa = PBXFileReference; lastKnownFileType = sourcecode.swift; path = ZippyDartUITests.swift; sourceTree = "<group>"; };
		78F224BC2B5EF303007C63A2 /* ZippyDartUITestsLaunchTests.swift */ = {isa = PBXFileReference; lastKnownFileType = sourcecode.swift; path = ZippyDartUITestsLaunchTests.swift; sourceTree = "<group>"; };
		78F224CC2B5FBF9E007C63A2 /* SeymourOne-Regular.ttf */ = {isa = PBXFileReference; lastKnownFileType = file; path = "SeymourOne-Regular.ttf"; sourceTree = "<group>"; };
		78F224CE2B5FC015007C63A2 /* Info.plist */ = {isa = PBXFileReference; lastKnownFileType = text.plist; path = Info.plist; sourceTree = "<group>"; };
		78F224D32B5FCE6A007C63A2 /* Color.swift */ = {isa = PBXFileReference; lastKnownFileType = sourcecode.swift; path = Color.swift; sourceTree = "<group>"; };
		78F224D52B5FD446007C63A2 /* Launch Screen.storyboard */ = {isa = PBXFileReference; lastKnownFileType = file.storyboard; path = "Launch Screen.storyboard"; sourceTree = "<group>"; };
/* End PBXFileReference section */

/* Begin PBXFrameworksBuildPhase section */
		78F224992B5EF302007C63A2 /* Frameworks */ = {
			isa = PBXFrameworksBuildPhase;
			buildActionMask = 2147483647;
			files = (
			);
			runOnlyForDeploymentPostprocessing = 0;
		};
		78F224A92B5EF303007C63A2 /* Frameworks */ = {
			isa = PBXFrameworksBuildPhase;
			buildActionMask = 2147483647;
			files = (
			);
			runOnlyForDeploymentPostprocessing = 0;
		};
		78F224B32B5EF303007C63A2 /* Frameworks */ = {
			isa = PBXFrameworksBuildPhase;
			buildActionMask = 2147483647;
			files = (
			);
			runOnlyForDeploymentPostprocessing = 0;
		};
/* End PBXFrameworksBuildPhase section */

/* Begin PBXGroup section */
		785745872B6BA3A600841A54 /* Model */ = {
			isa = PBXGroup;
			children = (
				7857457B2B6B8A2600841A54 /* PlayerModel.swift */,
				785745882B6BA50A00841A54 /* RoundModel.swift */,
				7857458A2B6BA8C000841A54 /* GameModel.swift */,
			);
			path = Model;
			sourceTree = "<group>";
		};
		78F224932B5EF302007C63A2 = {
			isa = PBXGroup;
			children = (
				78F2249E2B5EF302007C63A2 /* ZippyDart */,
				78F224AF2B5EF303007C63A2 /* ZippyDartTests */,
				78F224B92B5EF303007C63A2 /* ZippyDartUITests */,
				78F2249D2B5EF302007C63A2 /* Products */,
			);
			sourceTree = "<group>";
		};
		78F2249D2B5EF302007C63A2 /* Products */ = {
			isa = PBXGroup;
			children = (
				78F2249C2B5EF302007C63A2 /* ZippyDart.app */,
				78F224AC2B5EF303007C63A2 /* ZippyDartTests.xctest */,
				78F224B62B5EF303007C63A2 /* ZippyDartUITests.xctest */,
			);
			name = Products;
			sourceTree = "<group>";
		};
		78F2249E2B5EF302007C63A2 /* ZippyDart */ = {
			isa = PBXGroup;
			children = (
				78F224DE2B614635007C63A2 /* Fonts */,
				78F224DB2B611E47007C63A2 /* App */,
				78F224CE2B5FC015007C63A2 /* Info.plist */,
				78F224A32B5EF303007C63A2 /* Assets.xcassets */,
				78F224D22B5FCE56007C63A2 /* Extensions */,
				78F224A52B5EF303007C63A2 /* Preview Content */,
			);
			path = ZippyDart;
			sourceTree = "<group>";
		};
		78F224A52B5EF303007C63A2 /* Preview Content */ = {
			isa = PBXGroup;
			children = (
				78F224A62B5EF303007C63A2 /* Preview Assets.xcassets */,
			);
			path = "Preview Content";
			sourceTree = "<group>";
		};
		78F224AF2B5EF303007C63A2 /* ZippyDartTests */ = {
			isa = PBXGroup;
			children = (
				78F224B02B5EF303007C63A2 /* ZippyDartTests.swift */,
			);
			path = ZippyDartTests;
			sourceTree = "<group>";
		};
		78F224B92B5EF303007C63A2 /* ZippyDartUITests */ = {
			isa = PBXGroup;
			children = (
				78F224BA2B5EF303007C63A2 /* ZippyDartUITests.swift */,
				78F224BC2B5EF303007C63A2 /* ZippyDartUITestsLaunchTests.swift */,
			);
			path = ZippyDartUITests;
			sourceTree = "<group>";
		};
		78F224D22B5FCE56007C63A2 /* Extensions */ = {
			isa = PBXGroup;
			children = (
				78F224D32B5FCE6A007C63A2 /* Color.swift */,
			);
			path = Extensions;
			sourceTree = "<group>";
		};
		78F224DB2B611E47007C63A2 /* App */ = {
			isa = PBXGroup;
			children = (
				785745872B6BA3A600841A54 /* Model */,
				787081122B6AF059009214E1 /* ScoreBoardView.swift */,
				780CFA302B6A571B009FA22C /* PlayersInscriptionView.swift */,
				78F2249F2B5EF302007C63A2 /* ZippyDartApp.swift */,
				78F224D52B5FD446007C63A2 /* Launch Screen.storyboard */,
				785745852B6B90ED00841A54 /* FullScreenCoverView.swift */,
				7857458C2B6BC81100841A54 /* Card.swift */,
			);
			path = App;
			sourceTree = "<group>";
		};
		78F224DE2B614635007C63A2 /* Fonts */ = {
			isa = PBXGroup;
			children = (
				78F224CC2B5FBF9E007C63A2 /* SeymourOne-Regular.ttf */,
			);
			path = Fonts;
			sourceTree = "<group>";
		};
/* End PBXGroup section */

/* Begin PBXNativeTarget section */
		78F2249B2B5EF302007C63A2 /* ZippyDart */ = {
			isa = PBXNativeTarget;
			buildConfigurationList = 78F224C02B5EF303007C63A2 /* Build configuration list for PBXNativeTarget "ZippyDart" */;
			buildPhases = (
				78F224982B5EF302007C63A2 /* Sources */,
				78F224992B5EF302007C63A2 /* Frameworks */,
				78F2249A2B5EF302007C63A2 /* Resources */,
			);
			buildRules = (
			);
			dependencies = (
			);
			name = ZippyDart;
			productName = ZippyDart;
			productReference = 78F2249C2B5EF302007C63A2 /* ZippyDart.app */;
			productType = "com.apple.product-type.application";
		};
		78F224AB2B5EF303007C63A2 /* ZippyDartTests */ = {
			isa = PBXNativeTarget;
			buildConfigurationList = 78F224C32B5EF303007C63A2 /* Build configuration list for PBXNativeTarget "ZippyDartTests" */;
			buildPhases = (
				78F224A82B5EF303007C63A2 /* Sources */,
				78F224A92B5EF303007C63A2 /* Frameworks */,
				78F224AA2B5EF303007C63A2 /* Resources */,
			);
			buildRules = (
			);
			dependencies = (
				78F224AE2B5EF303007C63A2 /* PBXTargetDependency */,
			);
			name = ZippyDartTests;
			productName = ZippyDartTests;
			productReference = 78F224AC2B5EF303007C63A2 /* ZippyDartTests.xctest */;
			productType = "com.apple.product-type.bundle.unit-test";
		};
		78F224B52B5EF303007C63A2 /* ZippyDartUITests */ = {
			isa = PBXNativeTarget;
			buildConfigurationList = 78F224C62B5EF303007C63A2 /* Build configuration list for PBXNativeTarget "ZippyDartUITests" */;
			buildPhases = (
				78F224B22B5EF303007C63A2 /* Sources */,
				78F224B32B5EF303007C63A2 /* Frameworks */,
				78F224B42B5EF303007C63A2 /* Resources */,
			);
			buildRules = (
			);
			dependencies = (
				78F224B82B5EF303007C63A2 /* PBXTargetDependency */,
			);
			name = ZippyDartUITests;
			productName = ZippyDartUITests;
			productReference = 78F224B62B5EF303007C63A2 /* ZippyDartUITests.xctest */;
			productType = "com.apple.product-type.bundle.ui-testing";
		};
/* End PBXNativeTarget section */

/* Begin PBXProject section */
		78F224942B5EF302007C63A2 /* Project object */ = {
			isa = PBXProject;
			attributes = {
				BuildIndependentTargetsInParallel = 1;
				LastSwiftUpdateCheck = 1520;
				LastUpgradeCheck = 1520;
				TargetAttributes = {
					78F2249B2B5EF302007C63A2 = {
						CreatedOnToolsVersion = 15.2;
					};
					78F224AB2B5EF303007C63A2 = {
						CreatedOnToolsVersion = 15.2;
						TestTargetID = 78F2249B2B5EF302007C63A2;
					};
					78F224B52B5EF303007C63A2 = {
						CreatedOnToolsVersion = 15.2;
						TestTargetID = 78F2249B2B5EF302007C63A2;
					};
				};
			};
			buildConfigurationList = 78F224972B5EF302007C63A2 /* Build configuration list for PBXProject "ZippyDart" */;
			compatibilityVersion = "Xcode 14.0";
			developmentRegion = en;
			hasScannedForEncodings = 0;
			knownRegions = (
				en,
				Base,
			);
			mainGroup = 78F224932B5EF302007C63A2;
			productRefGroup = 78F2249D2B5EF302007C63A2 /* Products */;
			projectDirPath = "";
			projectRoot = "";
			targets = (
				78F2249B2B5EF302007C63A2 /* ZippyDart */,
				78F224AB2B5EF303007C63A2 /* ZippyDartTests */,
				78F224B52B5EF303007C63A2 /* ZippyDartUITests */,
			);
		};
/* End PBXProject section */

/* Begin PBXResourcesBuildPhase section */
		78F2249A2B5EF302007C63A2 /* Resources */ = {
			isa = PBXResourcesBuildPhase;
			buildActionMask = 2147483647;
			files = (
				78F224A72B5EF303007C63A2 /* Preview Assets.xcassets in Resources */,
				78F224CD2B5FBF9E007C63A2 /* SeymourOne-Regular.ttf in Resources */,
				78F224D62B5FD446007C63A2 /* Launch Screen.storyboard in Resources */,
				78F224A42B5EF303007C63A2 /* Assets.xcassets in Resources */,
			);
			runOnlyForDeploymentPostprocessing = 0;
		};
		78F224AA2B5EF303007C63A2 /* Resources */ = {
			isa = PBXResourcesBuildPhase;
			buildActionMask = 2147483647;
			files = (
			);
			runOnlyForDeploymentPostprocessing = 0;
		};
		78F224B42B5EF303007C63A2 /* Resources */ = {
			isa = PBXResourcesBuildPhase;
			buildActionMask = 2147483647;
			files = (
			);
			runOnlyForDeploymentPostprocessing = 0;
		};
/* End PBXResourcesBuildPhase section */

/* Begin PBXSourcesBuildPhase section */
		78F224982B5EF302007C63A2 /* Sources */ = {
			isa = PBXSourcesBuildPhase;
			buildActionMask = 2147483647;
			files = (
				7857457C2B6B8A2600841A54 /* PlayerModel.swift in Sources */,
				7857458D2B6BC81100841A54 /* Card.swift in Sources */,
				785745892B6BA50A00841A54 /* RoundModel.swift in Sources */,
				78F224A02B5EF302007C63A2 /* ZippyDartApp.swift in Sources */,
				780CFA312B6A571B009FA22C /* PlayersInscriptionView.swift in Sources */,
				785745862B6B90ED00841A54 /* FullScreenCoverView.swift in Sources */,
				7857458B2B6BA8C000841A54 /* GameModel.swift in Sources */,
				787081132B6AF059009214E1 /* ScoreBoardView.swift in Sources */,
				78F224D42B5FCE6A007C63A2 /* Color.swift in Sources */,
			);
			runOnlyForDeploymentPostprocessing = 0;
		};
		78F224A82B5EF303007C63A2 /* Sources */ = {
			isa = PBXSourcesBuildPhase;
			buildActionMask = 2147483647;
			files = (
				78F224B12B5EF303007C63A2 /* ZippyDartTests.swift in Sources */,
			);
			runOnlyForDeploymentPostprocessing = 0;
		};
		78F224B22B5EF303007C63A2 /* Sources */ = {
			isa = PBXSourcesBuildPhase;
			buildActionMask = 2147483647;
			files = (
				78F224BD2B5EF303007C63A2 /* ZippyDartUITestsLaunchTests.swift in Sources */,
				78F224BB2B5EF303007C63A2 /* ZippyDartUITests.swift in Sources */,
			);
			runOnlyForDeploymentPostprocessing = 0;
		};
/* End PBXSourcesBuildPhase section */

/* Begin PBXTargetDependency section */
		78F224AE2B5EF303007C63A2 /* PBXTargetDependency */ = {
			isa = PBXTargetDependency;
			target = 78F2249B2B5EF302007C63A2 /* ZippyDart */;
			targetProxy = 78F224AD2B5EF303007C63A2 /* PBXContainerItemProxy */;
		};
		78F224B82B5EF303007C63A2 /* PBXTargetDependency */ = {
			isa = PBXTargetDependency;
			target = 78F2249B2B5EF302007C63A2 /* ZippyDart */;
			targetProxy = 78F224B72B5EF303007C63A2 /* PBXContainerItemProxy */;
		};
/* End PBXTargetDependency section */

/* Begin XCBuildConfiguration section */
		78F224BE2B5EF303007C63A2 /* Debug */ = {
			isa = XCBuildConfiguration;
			buildSettings = {
				ALWAYS_SEARCH_USER_PATHS = NO;
				ASSETCATALOG_COMPILER_GENERATE_SWIFT_ASSET_SYMBOL_EXTENSIONS = YES;
				CLANG_ANALYZER_NONNULL = YES;
				CLANG_ANALYZER_NUMBER_OBJECT_CONVERSION = YES_AGGRESSIVE;
				CLANG_CXX_LANGUAGE_STANDARD = "gnu++20";
				CLANG_ENABLE_MODULES = YES;
				CLANG_ENABLE_OBJC_ARC = YES;
				CLANG_ENABLE_OBJC_WEAK = YES;
				CLANG_WARN_BLOCK_CAPTURE_AUTORELEASING = YES;
				CLANG_WARN_BOOL_CONVERSION = YES;
				CLANG_WARN_COMMA = YES;
				CLANG_WARN_CONSTANT_CONVERSION = YES;
				CLANG_WARN_DEPRECATED_OBJC_IMPLEMENTATIONS = YES;
				CLANG_WARN_DIRECT_OBJC_ISA_USAGE = YES_ERROR;
				CLANG_WARN_DOCUMENTATION_COMMENTS = YES;
				CLANG_WARN_EMPTY_BODY = YES;
				CLANG_WARN_ENUM_CONVERSION = YES;
				CLANG_WARN_INFINITE_RECURSION = YES;
				CLANG_WARN_INT_CONVERSION = YES;
				CLANG_WARN_NON_LITERAL_NULL_CONVERSION = YES;
				CLANG_WARN_OBJC_IMPLICIT_RETAIN_SELF = YES;
				CLANG_WARN_OBJC_LITERAL_CONVERSION = YES;
				CLANG_WARN_OBJC_ROOT_CLASS = YES_ERROR;
				CLANG_WARN_QUOTED_INCLUDE_IN_FRAMEWORK_HEADER = YES;
				CLANG_WARN_RANGE_LOOP_ANALYSIS = YES;
				CLANG_WARN_STRICT_PROTOTYPES = YES;
				CLANG_WARN_SUSPICIOUS_MOVE = YES;
				CLANG_WARN_UNGUARDED_AVAILABILITY = YES_AGGRESSIVE;
				CLANG_WARN_UNREACHABLE_CODE = YES;
				CLANG_WARN__DUPLICATE_METHOD_MATCH = YES;
				COPY_PHASE_STRIP = NO;
				DEBUG_INFORMATION_FORMAT = dwarf;
				ENABLE_STRICT_OBJC_MSGSEND = YES;
				ENABLE_TESTABILITY = YES;
				ENABLE_USER_SCRIPT_SANDBOXING = YES;
				GCC_C_LANGUAGE_STANDARD = gnu17;
				GCC_DYNAMIC_NO_PIC = NO;
				GCC_NO_COMMON_BLOCKS = YES;
				GCC_OPTIMIZATION_LEVEL = 0;
				GCC_PREPROCESSOR_DEFINITIONS = (
					"DEBUG=1",
					"$(inherited)",
				);
				GCC_WARN_64_TO_32_BIT_CONVERSION = YES;
				GCC_WARN_ABOUT_RETURN_TYPE = YES_ERROR;
				GCC_WARN_UNDECLARED_SELECTOR = YES;
				GCC_WARN_UNINITIALIZED_AUTOS = YES_AGGRESSIVE;
				GCC_WARN_UNUSED_FUNCTION = YES;
				GCC_WARN_UNUSED_VARIABLE = YES;
				IPHONEOS_DEPLOYMENT_TARGET = 17.2;
				LOCALIZATION_PREFERS_STRING_CATALOGS = YES;
				MTL_ENABLE_DEBUG_INFO = INCLUDE_SOURCE;
				MTL_FAST_MATH = YES;
				ONLY_ACTIVE_ARCH = YES;
				SDKROOT = iphoneos;
				SWIFT_ACTIVE_COMPILATION_CONDITIONS = "DEBUG $(inherited)";
				SWIFT_OPTIMIZATION_LEVEL = "-Onone";
			};
			name = Debug;
		};
		78F224BF2B5EF303007C63A2 /* Release */ = {
			isa = XCBuildConfiguration;
			buildSettings = {
				ALWAYS_SEARCH_USER_PATHS = NO;
				ASSETCATALOG_COMPILER_GENERATE_SWIFT_ASSET_SYMBOL_EXTENSIONS = YES;
				CLANG_ANALYZER_NONNULL = YES;
				CLANG_ANALYZER_NUMBER_OBJECT_CONVERSION = YES_AGGRESSIVE;
				CLANG_CXX_LANGUAGE_STANDARD = "gnu++20";
				CLANG_ENABLE_MODULES = YES;
				CLANG_ENABLE_OBJC_ARC = YES;
				CLANG_ENABLE_OBJC_WEAK = YES;
				CLANG_WARN_BLOCK_CAPTURE_AUTORELEASING = YES;
				CLANG_WARN_BOOL_CONVERSION = YES;
				CLANG_WARN_COMMA = YES;
				CLANG_WARN_CONSTANT_CONVERSION = YES;
				CLANG_WARN_DEPRECATED_OBJC_IMPLEMENTATIONS = YES;
				CLANG_WARN_DIRECT_OBJC_ISA_USAGE = YES_ERROR;
				CLANG_WARN_DOCUMENTATION_COMMENTS = YES;
				CLANG_WARN_EMPTY_BODY = YES;
				CLANG_WARN_ENUM_CONVERSION = YES;
				CLANG_WARN_INFINITE_RECURSION = YES;
				CLANG_WARN_INT_CONVERSION = YES;
				CLANG_WARN_NON_LITERAL_NULL_CONVERSION = YES;
				CLANG_WARN_OBJC_IMPLICIT_RETAIN_SELF = YES;
				CLANG_WARN_OBJC_LITERAL_CONVERSION = YES;
				CLANG_WARN_OBJC_ROOT_CLASS = YES_ERROR;
				CLANG_WARN_QUOTED_INCLUDE_IN_FRAMEWORK_HEADER = YES;
				CLANG_WARN_RANGE_LOOP_ANALYSIS = YES;
				CLANG_WARN_STRICT_PROTOTYPES = YES;
				CLANG_WARN_SUSPICIOUS_MOVE = YES;
				CLANG_WARN_UNGUARDED_AVAILABILITY = YES_AGGRESSIVE;
				CLANG_WARN_UNREACHABLE_CODE = YES;
				CLANG_WARN__DUPLICATE_METHOD_MATCH = YES;
				COPY_PHASE_STRIP = NO;
				DEBUG_INFORMATION_FORMAT = "dwarf-with-dsym";
				ENABLE_NS_ASSERTIONS = NO;
				ENABLE_STRICT_OBJC_MSGSEND = YES;
				ENABLE_USER_SCRIPT_SANDBOXING = YES;
				GCC_C_LANGUAGE_STANDARD = gnu17;
				GCC_NO_COMMON_BLOCKS = YES;
				GCC_WARN_64_TO_32_BIT_CONVERSION = YES;
				GCC_WARN_ABOUT_RETURN_TYPE = YES_ERROR;
				GCC_WARN_UNDECLARED_SELECTOR = YES;
				GCC_WARN_UNINITIALIZED_AUTOS = YES_AGGRESSIVE;
				GCC_WARN_UNUSED_FUNCTION = YES;
				GCC_WARN_UNUSED_VARIABLE = YES;
				IPHONEOS_DEPLOYMENT_TARGET = 17.2;
				LOCALIZATION_PREFERS_STRING_CATALOGS = YES;
				MTL_ENABLE_DEBUG_INFO = NO;
				MTL_FAST_MATH = YES;
				SDKROOT = iphoneos;
				SWIFT_COMPILATION_MODE = wholemodule;
				VALIDATE_PRODUCT = YES;
			};
			name = Release;
		};
		78F224C12B5EF303007C63A2 /* Debug */ = {
			isa = XCBuildConfiguration;
			buildSettings = {
				ASSETCATALOG_COMPILER_APPICON_NAME = AppIcon;
				ASSETCATALOG_COMPILER_GLOBAL_ACCENT_COLOR_NAME = AccentColor;
				CODE_SIGN_STYLE = Automatic;
				CURRENT_PROJECT_VERSION = 1;
				DEVELOPMENT_ASSET_PATHS = "\"ZippyDart/Preview Content\"";
				DEVELOPMENT_TEAM = MHZQZNUZZM;
				ENABLE_PREVIEWS = YES;
				GENERATE_INFOPLIST_FILE = YES;
				INFOPLIST_FILE = ZippyDart/Info.plist;
				INFOPLIST_KEY_CFBundleDisplayName = ZippyDart;
				INFOPLIST_KEY_UIApplicationSceneManifest_Generation = YES;
				INFOPLIST_KEY_UIApplicationSupportsIndirectInputEvents = YES;
				INFOPLIST_KEY_UILaunchScreen_Generation = YES;
				INFOPLIST_KEY_UISupportedInterfaceOrientations = UIInterfaceOrientationPortrait;
				IPHONEOS_DEPLOYMENT_TARGET = 15.4;
				LD_RUNPATH_SEARCH_PATHS = (
					"$(inherited)",
					"@executable_path/Frameworks",
				);
				MARKETING_VERSION = 1.0;
				PRODUCT_BUNDLE_IDENTIFIER = leasautjeau.ZippyDart;
				PRODUCT_NAME = "$(TARGET_NAME)";
				SUPPORTED_PLATFORMS = "iphoneos iphonesimulator";
				SUPPORTS_MACCATALYST = NO;
				SUPPORTS_MAC_DESIGNED_FOR_IPHONE_IPAD = NO;
				SUPPORTS_XR_DESIGNED_FOR_IPHONE_IPAD = NO;
				SWIFT_EMIT_LOC_STRINGS = YES;
				SWIFT_VERSION = 5.0;
				TARGETED_DEVICE_FAMILY = 1;
			};
			name = Debug;
		};
		78F224C22B5EF303007C63A2 /* Release */ = {
			isa = XCBuildConfiguration;
			buildSettings = {
				ASSETCATALOG_COMPILER_APPICON_NAME = AppIcon;
				ASSETCATALOG_COMPILER_GLOBAL_ACCENT_COLOR_NAME = AccentColor;
				CODE_SIGN_STYLE = Automatic;
				CURRENT_PROJECT_VERSION = 1;
				DEVELOPMENT_ASSET_PATHS = "\"ZippyDart/Preview Content\"";
				DEVELOPMENT_TEAM = MHZQZNUZZM;
				ENABLE_PREVIEWS = YES;
				GENERATE_INFOPLIST_FILE = YES;
				INFOPLIST_FILE = ZippyDart/Info.plist;
				INFOPLIST_KEY_CFBundleDisplayName = ZippyDart;
				INFOPLIST_KEY_UIApplicationSceneManifest_Generation = YES;
				INFOPLIST_KEY_UIApplicationSupportsIndirectInputEvents = YES;
				INFOPLIST_KEY_UILaunchScreen_Generation = YES;
				INFOPLIST_KEY_UISupportedInterfaceOrientations = UIInterfaceOrientationPortrait;
				IPHONEOS_DEPLOYMENT_TARGET = 15.4;
				LD_RUNPATH_SEARCH_PATHS = (
					"$(inherited)",
					"@executable_path/Frameworks",
				);
				MARKETING_VERSION = 1.0;
				PRODUCT_BUNDLE_IDENTIFIER = leasautjeau.ZippyDart;
				PRODUCT_NAME = "$(TARGET_NAME)";
				SUPPORTED_PLATFORMS = "iphoneos iphonesimulator";
				SUPPORTS_MACCATALYST = NO;
				SUPPORTS_MAC_DESIGNED_FOR_IPHONE_IPAD = NO;
				SUPPORTS_XR_DESIGNED_FOR_IPHONE_IPAD = NO;
				SWIFT_EMIT_LOC_STRINGS = YES;
				SWIFT_VERSION = 5.0;
				TARGETED_DEVICE_FAMILY = 1;
			};
			name = Release;
		};
		78F224C42B5EF303007C63A2 /* Debug */ = {
			isa = XCBuildConfiguration;
			buildSettings = {
				ALWAYS_EMBED_SWIFT_STANDARD_LIBRARIES = YES;
				BUNDLE_LOADER = "$(TEST_HOST)";
				CODE_SIGN_STYLE = Automatic;
				CURRENT_PROJECT_VERSION = 1;
				GENERATE_INFOPLIST_FILE = YES;
				IPHONEOS_DEPLOYMENT_TARGET = 17.2;
				MARKETING_VERSION = 1.0;
				PRODUCT_BUNDLE_IDENTIFIER = leasautjeau.ZippyDartTests;
				PRODUCT_NAME = "$(TARGET_NAME)";
				SWIFT_EMIT_LOC_STRINGS = NO;
				SWIFT_VERSION = 5.0;
				TARGETED_DEVICE_FAMILY = "1,2";
				TEST_HOST = "$(BUILT_PRODUCTS_DIR)/ZippyDart.app/$(BUNDLE_EXECUTABLE_FOLDER_PATH)/ZippyDart";
			};
			name = Debug;
		};
		78F224C52B5EF303007C63A2 /* Release */ = {
			isa = XCBuildConfiguration;
			buildSettings = {
				ALWAYS_EMBED_SWIFT_STANDARD_LIBRARIES = YES;
				BUNDLE_LOADER = "$(TEST_HOST)";
				CODE_SIGN_STYLE = Automatic;
				CURRENT_PROJECT_VERSION = 1;
				GENERATE_INFOPLIST_FILE = YES;
				IPHONEOS_DEPLOYMENT_TARGET = 17.2;
				MARKETING_VERSION = 1.0;
				PRODUCT_BUNDLE_IDENTIFIER = leasautjeau.ZippyDartTests;
				PRODUCT_NAME = "$(TARGET_NAME)";
				SWIFT_EMIT_LOC_STRINGS = NO;
				SWIFT_VERSION = 5.0;
				TARGETED_DEVICE_FAMILY = "1,2";
				TEST_HOST = "$(BUILT_PRODUCTS_DIR)/ZippyDart.app/$(BUNDLE_EXECUTABLE_FOLDER_PATH)/ZippyDart";
			};
			name = Release;
		};
		78F224C72B5EF303007C63A2 /* Debug */ = {
			isa = XCBuildConfiguration;
			buildSettings = {
				ALWAYS_EMBED_SWIFT_STANDARD_LIBRARIES = YES;
				CODE_SIGN_STYLE = Automatic;
				CURRENT_PROJECT_VERSION = 1;
				GENERATE_INFOPLIST_FILE = YES;
				MARKETING_VERSION = 1.0;
				PRODUCT_BUNDLE_IDENTIFIER = leasautjeau.ZippyDartUITests;
				PRODUCT_NAME = "$(TARGET_NAME)";
				SWIFT_EMIT_LOC_STRINGS = NO;
				SWIFT_VERSION = 5.0;
				TARGETED_DEVICE_FAMILY = "1,2";
				TEST_TARGET_NAME = ZippyDart;
			};
			name = Debug;
		};
		78F224C82B5EF303007C63A2 /* Release */ = {
			isa = XCBuildConfiguration;
			buildSettings = {
				ALWAYS_EMBED_SWIFT_STANDARD_LIBRARIES = YES;
				CODE_SIGN_STYLE = Automatic;
				CURRENT_PROJECT_VERSION = 1;
				GENERATE_INFOPLIST_FILE = YES;
				MARKETING_VERSION = 1.0;
				PRODUCT_BUNDLE_IDENTIFIER = leasautjeau.ZippyDartUITests;
				PRODUCT_NAME = "$(TARGET_NAME)";
				SWIFT_EMIT_LOC_STRINGS = NO;
				SWIFT_VERSION = 5.0;
				TARGETED_DEVICE_FAMILY = "1,2";
				TEST_TARGET_NAME = ZippyDart;
			};
			name = Release;
		};
/* End XCBuildConfiguration section */

/* Begin XCConfigurationList section */
		78F224972B5EF302007C63A2 /* Build configuration list for PBXProject "ZippyDart" */ = {
			isa = XCConfigurationList;
			buildConfigurations = (
				78F224BE2B5EF303007C63A2 /* Debug */,
				78F224BF2B5EF303007C63A2 /* Release */,
			);
			defaultConfigurationIsVisible = 0;
			defaultConfigurationName = Release;
		};
		78F224C02B5EF303007C63A2 /* Build configuration list for PBXNativeTarget "ZippyDart" */ = {
			isa = XCConfigurationList;
			buildConfigurations = (
				78F224C12B5EF303007C63A2 /* Debug */,
				78F224C22B5EF303007C63A2 /* Release */,
			);
			defaultConfigurationIsVisible = 0;
			defaultConfigurationName = Release;
		};
		78F224C32B5EF303007C63A2 /* Build configuration list for PBXNativeTarget "ZippyDartTests" */ = {
			isa = XCConfigurationList;
			buildConfigurations = (
				78F224C42B5EF303007C63A2 /* Debug */,
				78F224C52B5EF303007C63A2 /* Release */,
			);
			defaultConfigurationIsVisible = 0;
			defaultConfigurationName = Release;
		};
		78F224C62B5EF303007C63A2 /* Build configuration list for PBXNativeTarget "ZippyDartUITests" */ = {
			isa = XCConfigurationList;
			buildConfigurations = (
				78F224C72B5EF303007C63A2 /* Debug */,
				78F224C82B5EF303007C63A2 /* Release */,
			);
			defaultConfigurationIsVisible = 0;
			defaultConfigurationName = Release;
		};
/* End XCConfigurationList section */
	};
	rootObject = 78F224942B5EF302007C63A2 /* Project object */;
}
